
Microsoft Visual Studio Solution File, Format Version 12.00
# Visual Studio 15
VisualStudioVersion = 15.0.27703.2042
MinimumVisualStudioVersion = 10.0.40219.1
Project("{FAE04EC0-301F-11D3-BF4B-00C04F79EFBC}") = "Draw", "Draw\Draw.csproj", "{FAE5B2D9-211C-406B-BE07-7DB636B22D16}"
EndProject
Global
	GlobalSection(SolutionConfigurationPlatforms) = preSolution
		Debug|Any CPU = Debug|Any CPU
		Release|Any CPU = Release|Any CPU
	EndGlobalSection
	GlobalSection(ProjectConfigurationPlatforms) = postSolution
		{FAE5B2D9-211C-406B-BE07-7DB636B22D16}.Debug|Any CPU.ActiveCfg = Debug|Any CPU
		{FAE5B2D9-211C-406B-BE07-7DB636B22D16}.Debug|Any CPU.Build.0 = Debug|Any CPU
		{FAE5B2D9-211C-406B-BE07-7DB636B22D16}.Release|Any CPU.ActiveCfg = Release|Any CPU
		{FAE5B2D9-211C-406B-BE07-7DB636B22D16}.Release|Any CPU.Build.0 = Release|Any CPU
	EndGlobalSection
	GlobalSection(SolutionProperties) = preSolution
		HideSolutionNode = FALSE
	EndGlobalSection
	GlobalSection(ExtensibilityGlobals) = postSolution
		SolutionGuid = {E54911A8-AD95-40D8-BA83-C47DF2FD3588}
	EndGlobalSection
EndGlobal
